{
  "requires": true,
  "lockfileVersion": 1,
  "dependencies": {
    "prettier": {
      "version": "1.13.4",
      "resolved": "https://registry.npmjs.org/prettier/-/prettier-1.13.4.tgz",
      "integrity": "sha512-emsEZ2bAigL1lq6ssgkpPm1MIBqgeTvcp90NxOP5XDqprub/V/WS2Hfgih3mS7/1dqTUvhG+sxx1Dv8crnVexA=="
    }
  }
}
